<?xml version="1.0" encoding="UTF-8" standalone="yes" ?>
<CodeBlocks_project_file>
	<FileVersion major="1" minor="6" />
	<Project>
		<Option title="mhe" />
		<Option pch_mode="2" />
		<Option compiler="gcc" />
		<Option virtualFolders="tests/;" />
		<Build>
			<Target title="Debug">
				<Option output="bin/Debug/mhe" prefix_auto="1" extension_auto="1" />
				<Option object_output="obj/Debug/" />
				<Option type="1" />
				<Option compiler="gcc" />
				<Option parameters="-s str" />
				<Compiler>
					<Add option="-g" />
					<Add directory="../../include/utils" />
					<Add directory="../../include" />
					<Add directory="../../include/test" />
				</Compiler>
				<Linker>
					<Add option="-L/usr/local/lib -Wl,-rpath,/usr/local/lib -lSDL -lpthread -lm -ldl -lpthread" />
					<Add library="/usr/lib/libboost_date_time-mt.a" />
					<Add library="/usr/local/lib/libSDLmain.a" />
					<Add library="/usr/local/lib/libSDL.a" />
					<Add library="/usr/lib/libpthread.a" />
					<Add library="/usr/lib/fglrx/libGL.so" />
					<Add library="/usr/lib/libGLU.so" />
				</Linker>
			</Target>
		</Build>
		<Compiler>
			<Add option="-Wall" />
		</Compiler>
		<Unit filename="../../include/bmp_image.hpp" />
		<Unit filename="../../include/camera.hpp" />
		<Unit filename="../../include/extension.hpp" />
		<Unit filename="../../include/geom.hpp" />
		<Unit filename="../../include/icamera.hpp" />
		<Unit filename="../../include/ilight.hpp" />
		<Unit filename="../../include/image.hpp" />
		<Unit filename="../../include/imaterial.hpp" />
		<Unit filename="../../include/input.hpp" />
		<Unit filename="../../include/irenderable.hpp" />
		<Unit filename="../../include/itexture.hpp" />
		<Unit filename="../../include/itimer.hpp" />
		<Unit filename="../../include/light.hpp" />
		<Unit filename="../../include/material.hpp" />
		<Unit filename="../../include/mhe_gl.hpp" />
		<Unit filename="../../include/multitexture.hpp" />
		<Unit filename="../../include/sdl_input.hpp" />
		<Unit filename="../../include/test/texture_test.hpp" />
		<Unit filename="../../include/texture.hpp" />
		<Unit filename="../../include/timer.hpp" />
		<Unit filename="../../include/utils/argparser.hpp" />
		<Unit filename="../../include/utils/utils.hpp" />
		<Unit filename="../../include/vector3d.hpp" />
		<Unit filename="../../src/bmp_image.cpp" />
		<Unit filename="../../src/camera.cpp" />
		<Unit filename="../../src/cube.cpp" />
		<Unit filename="../../src/extension.cpp" />
		<Unit filename="../../src/glwindow.cpp" />
		<Unit filename="../../src/image.cpp" />
		<Unit filename="../../src/light.cpp" />
		<Unit filename="../../src/light.hpp" />
		<Unit filename="../../src/main.cpp" />
		<Unit filename="../../src/material.cpp" />
		<Unit filename="../../src/sdl_input.cpp" />
		<Unit filename="../../src/texture.cpp" />
		<Unit filename="../../src/utils/argparser.cpp" />
		<Unit filename="../../src/utils/logutils.cpp" />
		<Unit filename="../../tests/argparser_test.cpp" />
		<Unit filename="../../tests/log_test.cpp" />
		<Unit filename="../../tests/misc_test.cpp" />
		<Unit filename="../../tests/texture_test.cpp" />
		<Extensions>
			<code_completion>
				<search_path add="../../include" />
				<search_path add="../../include/utils" />
			</code_completion>
			<debugger />
		</Extensions>
	</Project>
</CodeBlocks_project_file>
